// !$*UTF8*$!
{
	archiveVersion = 1;
	classes = {
	};
	objectVersion = 46;
	objects = {

/* Begin PBXBuildFile section */
		D98ADEEF1CB7B69200E9C555 /* AppDelegate.m in Sources */ = {isa = PBXBuildFile; fileRef = D98ADEEE1CB7B69200E9C555 /* AppDelegate.m */; };
		D98ADEF21CB7B69200E9C555 /* main.m in Sources */ = {isa = PBXBuildFile; fileRef = D98ADEF11CB7B69200E9C555 /* main.m */; };
		D98ADEF41CB7B69200E9C555 /* Assets.xcassets in Resources */ = {isa = PBXBuildFile; fileRef = D98ADEF31CB7B69200E9C555 /* Assets.xcassets */; };
		D98ADEF71CB7B69200E9C555 /* MainMenu.xib in Resources */ = {isa = PBXBuildFile; fileRef = D98ADEF51CB7B69200E9C555 /* MainMenu.xib */; };
/* End PBXBuildFile section */

/* Begin PBXFileReference section */
		D98ADEEA1CB7B69200E9C555 /* ouroboros.app */ = {isa = PBXFileReference; explicitFileType = wrapper.application; includeInIndex = 0; path = ouroboros.app; sourceTree = BUILT_PRODUCTS_DIR; };
		D98ADEED1CB7B69200E9C555 /* AppDelegate.h */ = {isa = PBXFileReference; lastKnownFileType = sourcecode.c.h; path = AppDelegate.h; sourceTree = "<group>"; };
		D98ADEEE1CB7B69200E9C555 /* AppDelegate.m */ = {isa = PBXFileReference; lastKnownFileType = sourcecode.c.objc; path = AppDelegate.m; sourceTree = "<group>"; };
		D98ADEF11CB7B69200E9C555 /* main.m */ = {isa = PBXFileReference; lastKnownFileType = sourcecode.c.objc; path = main.m; sourceTree = "<group>"; };
		D98ADEF31CB7B69200E9C555 /* Assets.xcassets */ = {isa = PBXFileReference; lastKnownFileType = folder.assetcatalog; path = Assets.xcassets; sourceTree = "<group>"; };
		D98ADEF61CB7B69200E9C555 /* Base */ = {isa = PBXFileReference; lastKnownFileType = file.xib; name = Base; path = Base.lproj/MainMenu.xib; sourceTree = "<group>"; };
		D98ADEF81CB7B69200E9C555 /* Info.plist */ = {isa = PBXFileReference; lastKnownFileType = text.plist.xml; path = Info.plist; sourceTree = "<group>"; };
/* End PBXFileReference section */

/* Begin PBXFrameworksBuildPhase section */
		D98ADEE71CB7B69200E9C555 /* Frameworks */ = {
			isa = PBXFrameworksBuildPhase;
			buildActionMask = 2147483647;
			files = (
			);
			runOnlyForDeploymentPostprocessing = 0;
		};
/* End PBXFrameworksBuildPhase section */

/* Begin PBXGroup section */
		D98ADEE11CB7B69200E9C555 = {
			isa = PBXGroup;
			children = (
				D98ADEEC1CB7B69200E9C555 /* ouroboros */,
				D98ADEEB1CB7B69200E9C555 /* Products */,
			);
			sourceTree = "<group>";
		};
		D98ADEEB1CB7B69200E9C555 /* Products */ = {
			isa = PBXGroup;
			children = (
				D98ADEEA1CB7B69200E9C555 /* ouroboros.app */,
			);
			name = Products;
			sourceTree = "<group>";
		};
		D98ADEEC1CB7B69200E9C555 /* ouroboros */ = {
			isa = PBXGroup;
			children = (
				D98ADEED1CB7B69200E9C555 /* AppDelegate.h */,
				D98ADEEE1CB7B69200E9C555 /* AppDelegate.m */,
				D98ADEF31CB7B69200E9C555 /* Assets.xcassets */,
				D98ADEF51CB7B69200E9C555 /* MainMenu.xib */,
				D98ADEF81CB7B69200E9C555 /* Info.plist */,
				D98ADEF01CB7B69200E9C555 /* Supporting Files */,
			);
			path = ouroboros;
			sourceTree = "<group>";
		};
		D98ADEF01CB7B69200E9C555 /* Supporting Files */ = {
			isa = PBXGroup;
			children = (
				D98ADEF11CB7B69200E9C555 /* main.m */,
			);
			name = "Supporting Files";
			sourceTree = "<group>";
		};
/* End PBXGroup section */

/* Begin PBXNativeTarget section */
		D98ADEE91CB7B69200E9C555 /* ouroboros */ = {
			isa = PBXNativeTarget;
			buildConfigurationList = D98ADEFB1CB7B69200E9C555 /* Build configuration list for PBXNativeTarget "ouroboros" */;
			buildPhases = (
				D98ADEE61CB7B69200E9C555 /* Sources */,
				D98ADEE71CB7B69200E9C555 /* Frameworks */,
				D98ADEE81CB7B69200E9C555 /* Resources */,
			);
			buildRules = (
			);
			dependencies = (
			);
			name = ouroboros;
			productName = ouroboros;
			productReference = D98ADEEA1CB7B69200E9C555 /* ouroboros.app */;
			productType = "com.apple.product-type.application";
		};
/* End PBXNativeTarget section */

/* Begin PBXProject section */
		D98ADEE21CB7B69200E9C555 /* Project object */ = {
			isa = PBXProject;
			attributes = {
				LastUpgradeCheck = 0720;
				ORGANIZATIONNAME = wow;
				TargetAttributes = {
					D98ADEE91CB7B69200E9C555 = {
						CreatedOnToolsVersion = 7.2.1;
					};
				};
			};
			buildConfigurationList = D98ADEE51CB7B69200E9C555 /* Build configuration list for PBXProject "ouroboros" */;
			compatibilityVersion = "Xcode 3.2";
			developmentRegion = English;
			hasScannedForEncodings = 0;
			knownRegions = (
				en,
				Base,
			);
			mainGroup = D98ADEE11CB7B69200E9C555;
			productRefGroup = D98ADEEB1CB7B69200E9C555 /* Products */;
			projectDirPath = "";
			projectRoot = "";
			targets = (
				D98ADEE91CB7B69200E9C555 /* ouroboros */,
			);
		};
/* End PBXProject section */

/* Begin PBXResourcesBuildPhase section */
		D98ADEE81CB7B69200E9C555 /* Resources */ = {
			isa = PBXResourcesBuildPhase;
			buildActionMask = 2147483647;
			files = (
				D98ADEF41CB7B69200E9C555 /* Assets.xcassets in Resources */,
				D98ADEF71CB7B69200E9C555 /* MainMenu.xib in Resources */,
			);
			runOnlyForDeploymentPostprocessing = 0;
		};
/* End PBXResourcesBuildPhase section */

/* Begin PBXSourcesBuildPhase section */
		D98ADEE61CB7B69200E9C555 /* Sources */ = {
			isa = PBXSourcesBuildPhase;
			buildActionMask = 2147483647;
			files = (
				D98ADEF21CB7B69200E9C555 /* main.m in Sources */,
				D98ADEEF1CB7B69200E9C555 /* AppDelegate.m in Sources */,
			);
			runOnlyForDeploymentPostprocessing = 0;
		};
/* End PBXSourcesBuildPhase section */

/* Begin PBXVariantGroup section */
		D98ADEF51CB7B69200E9C555 /* MainMenu.xib */ = {
			isa = PBXVariantGroup;
			children = (
				D98ADEF61CB7B69200E9C555 /* Base */,
			);
			name = MainMenu.xib;
			sourceTree = "<group>";
		};
/* End PBXVariantGroup section */

/* Begin XCBuildConfiguration section */
		D98ADEF91CB7B69200E9C555 /* Debug */ = {
			isa = XCBuildConfiguration;
			buildSettings = {
				ALWAYS_SEARCH_USER_PATHS = NO;
				CLANG_CXX_LANGUAGE_STANDARD = "gnu++0x";
				CLANG_CXX_LIBRARY = "libc++";
				CLANG_ENABLE_MODULES = YES;
				CLANG_ENABLE_OBJC_ARC = YES;
				CLANG_WARN_BOOL_CONVERSION = YES;
				CLANG_WARN_CONSTANT_CONVERSION = YES;
				CLANG_WARN_DIRECT_OBJC_ISA_USAGE = YES_ERROR;
				CLANG_WARN_EMPTY_BODY = YES;
				CLANG_WARN_ENUM_CONVERSION = YES;
				CLANG_WARN_INT_CONVERSION = YES;
				CLANG_WARN_OBJC_ROOT_CLASS = YES_ERROR;
				CLANG_WARN_UNREACHABLE_CODE = YES;
				CLANG_WARN__DUPLICATE_METHOD_MATCH = YES;
				CODE_SIGN_IDENTITY = "-";
				COPY_PHASE_STRIP = NO;
				DEBUG_INFORMATION_FORMAT = dwarf;
				ENABLE_STRICT_OBJC_MSGSEND = YES;
				ENABLE_TESTABILITY = YES;
				GCC_C_LANGUAGE_STANDARD = gnu99;
				GCC_DYNAMIC_NO_PIC = NO;
				GCC_NO_COMMON_BLOCKS = YES;
				GCC_OPTIMIZATION_LEVEL = 0;
				GCC_PREPROCESSOR_DEFINITIONS = (
					"DEBUG=1",
					"$(inherited)",
				);
				GCC_WARN_64_TO_32_BIT_CONVERSION = YES;
				GCC_WARN_ABOUT_RETURN_TYPE = YES_ERROR;
				GCC_WARN_UNDECLARED_SELECTOR = YES;
				GCC_WARN_UNINITIALIZED_AUTOS = YES_AGGRESSIVE;
				GCC_WARN_UNUSED_FUNCTION = YES;
				GCC_WARN_UNUSED_VARIABLE = YES;
				MACOSX_DEPLOYMENT_TARGET = 10.11;
				MTL_ENABLE_DEBUG_INFO = YES;
				ONLY_ACTIVE_ARCH = YES;
				SDKROOT = macosx;
			};
			name = Debug;
		};
		D98ADEFA1CB7B69200E9C555 /* Release */ = {
			isa = XCBuildConfiguration;
			buildSettings = {
				ALWAYS_SEARCH_USER_PATHS = NO;
				CLANG_CXX_LANGUAGE_STANDARD = "gnu++0x";
				CLANG_CXX_LIBRARY = "libc++";
				CLANG_ENABLE_MODULES = YES;
				CLANG_ENABLE_OBJC_ARC = YES;
				CLANG_WARN_BOOL_CONVERSION = YES;
				CLANG_WARN_CONSTANT_CONVERSION = YES;
				CLANG_WARN_DIRECT_OBJC_ISA_USAGE = YES_ERROR;
				CLANG_WARN_EMPTY_BODY = YES;
				CLANG_WARN_ENUM_CONVERSION = YES;
				CLANG_WARN_INT_CONVERSION = YES;
				CLANG_WARN_OBJC_ROOT_CLASS = YES_ERROR;
				CLANG_WARN_UNREACHABLE_CODE = YES;
				CLANG_WARN__DUPLICATE_METHOD_MATCH = YES;
				CODE_SIGN_IDENTITY = "-";
				COPY_PHASE_STRIP = NO;
				DEBUG_INFORMATION_FORMAT = "dwarf-with-dsym";
				ENABLE_NS_ASSERTIONS = NO;
				ENABLE_STRICT_OBJC_MSGSEND = YES;
				GCC_C_LANGUAGE_STANDARD = gnu99;
				GCC_NO_COMMON_BLOCKS = YES;
				GCC_WARN_64_TO_32_BIT_CONVERSION = YES;
				GCC_WARN_ABOUT_RETURN_TYPE = YES_ERROR;
				GCC_WARN_UNDECLARED_SELECTOR = YES;
				GCC_WARN_UNINITIALIZED_AUTOS = YES_AGGRESSIVE;
				GCC_WARN_UNUSED_FUNCTION = YES;
				GCC_WARN_UNUSED_VARIABLE = YES;
				MACOSX_DEPLOYMENT_TARGET = 10.11;
				MTL_ENABLE_DEBUG_INFO = NO;
				SDKROOT = macosx;
			};
			name = Release;
		};
		D98ADEFC1CB7B69200E9C555 /* Debug */ = {
			isa = XCBuildConfiguration;
			buildSettings = {
				ASSETCATALOG_COMPILER_APPICON_NAME = AppIcon;
				COMBINE_HIDPI_IMAGES = YES;
				INFOPLIST_FILE = ouroboros/Info.plist;
				LD_RUNPATH_SEARCH_PATHS = "$(inherited) @executable_path/../Frameworks";
				PRODUCT_BUNDLE_IDENTIFIER = wow.ouroboros;
				PRODUCT_NAME = "$(TARGET_NAME)";
			};
			name = Debug;
		};
		D98ADEFD1CB7B69200E9C555 /* Release */ = {
			isa = XCBuildConfiguration;
			buildSettings = {
				ASSETCATALOG_COMPILER_APPICON_NAME = AppIcon;
				COMBINE_HIDPI_IMAGES = YES;
				INFOPLIST_FILE = ouroboros/Info.plist;
				LD_RUNPATH_SEARCH_PATHS = "$(inherited) @executable_path/../Frameworks";
				PRODUCT_BUNDLE_IDENTIFIER = wow.ouroboros;
				PRODUCT_NAME = "$(TARGET_NAME)";
			};
			name = Release;
		};
/* End XCBuildConfiguration section */

/* Begin XCConfigurationList section */
		D98ADEE51CB7B69200E9C555 /* Build configuration list for PBXProject "ouroboros" */ = {
			isa = XCConfigurationList;
			buildConfigurations = (
				D98ADEF91CB7B69200E9C555 /* Debug */,
				D98ADEFA1CB7B69200E9C555 /* Release */,
			);
			defaultConfigurationIsVisible = 0;
			defaultConfigurationName = Release;
		};
		D98ADEFB1CB7B69200E9C555 /* Build configuration list for PBXNativeTarget "ouroboros" */ = {
			isa = XCConfigurationList;
			buildConfigurations = (
				D98ADEFC1CB7B69200E9C555 /* Debug */,
				D98ADEFD1CB7B69200E9C555 /* Release */,
			);
			defaultConfigurationIsVisible = 0;
		};
/* End XCConfigurationList section */
	};
	rootObject = D98ADEE21CB7B69200E9C555 /* Project object */;
}
